
Microsoft Visual Studio Solution File, Format Version 12.00
# Visual Studio Version 17
VisualStudioVersion = 17.8.34601.278
MinimumVisualStudioVersion = 10.0.40219.1
Project("{FAE04EC0-301F-11D3-BF4B-00C04F79EFBC}") = "WebInteractivity", "WebInteractivity\WebInteractivity\WebInteractivity.csproj", "{256A0544-074B-4650-AB73-A6F3EEA20AD2}"
EndProject
Project("{FAE04EC0-301F-11D3-BF4B-00C04F79EFBC}") = "WebInteractivity.Client", "WebInteractivity\WebInteractivity.Client\WebInteractivity.Client.csproj", "{3ECABD62-9928-476D-824A-55D0C54A314F}"
EndProject
Global
	GlobalSection(SolutionConfigurationPlatforms) = preSolution
		Debug|Any CPU = Debug|Any CPU
		Release|Any CPU = Release|Any CPU
	EndGlobalSection
	GlobalSection(ProjectConfigurationPlatforms) = postSolution
		{256A0544-074B-4650-AB73-A6F3EEA20AD2}.Debug|Any CPU.ActiveCfg = Debug|Any CPU
		{256A0544-074B-4650-AB73-A6F3EEA20AD2}.Debug|Any CPU.Build.0 = Debug|Any CPU
		{256A0544-074B-4650-AB73-A6F3EEA20AD2}.Release|Any CPU.ActiveCfg = Release|Any CPU
		{256A0544-074B-4650-AB73-A6F3EEA20AD2}.Release|Any CPU.Build.0 = Release|Any CPU
		{3ECABD62-9928-476D-824A-55D0C54A314F}.Debug|Any CPU.ActiveCfg = Debug|Any CPU
		{3ECABD62-9928-476D-824A-55D0C54A314F}.Debug|Any CPU.Build.0 = Debug|Any CPU
		{3ECABD62-9928-476D-824A-55D0C54A314F}.Release|Any CPU.ActiveCfg = Release|Any CPU
		{3ECABD62-9928-476D-824A-55D0C54A314F}.Release|Any CPU.Build.0 = Release|Any CPU
	EndGlobalSection
	GlobalSection(SolutionProperties) = preSolution
		HideSolutionNode = FALSE
	EndGlobalSection
	GlobalSection(ExtensibilityGlobals) = postSolution
		SolutionGuid = {39EFAC79-4706-4D9D-8A2B-4D2336330F1A}
	EndGlobalSection
EndGlobal
